
Microsoft Visual Studio Solution File, Format Version 12.00
# Visual Studio 2013
VisualStudioVersion = 12.0.31101.0
MinimumVisualStudioVersion = 10.0.40219.1
Project("{8BC9CEB8-8B4A-11D0-8D11-00A0C91BC942}") = "ProtoAlpha", "ProtoAlpha\ProtoAlpha.vcxproj", "{B997E70C-2653-4899-B984-8498713DD682}"
EndProject
Project("{8BC9CEB8-8B4A-11D0-8D11-00A0C91BC942}") = "ProtoBeta", "ProtoBeta\ProtoBeta.vcxproj", "{06FDB5A4-BE09-4D56-89B1-05A4843CB09B}"
EndProject
Project("{8BC9CEB8-8B4A-11D0-8D11-00A0C91BC942}") = "ProtoGamma", "ProtoGamma\ProtoGamma.vcxproj", "{85419039-B784-412A-8872-7AF4D76C08E4}"
EndProject
Global
	GlobalSection(SolutionConfigurationPlatforms) = preSolution
		Debug|Win32 = Debug|Win32
		Release|Win32 = Release|Win32
	EndGlobalSection
	GlobalSection(ProjectConfigurationPlatforms) = postSolution
		{B997E70C-2653-4899-B984-8498713DD682}.Debug|Win32.ActiveCfg = Debug|Win32
		{B997E70C-2653-4899-B984-8498713DD682}.Debug|Win32.Build.0 = Debug|Win32
		{B997E70C-2653-4899-B984-8498713DD682}.Release|Win32.ActiveCfg = Release|Win32
		{B997E70C-2653-4899-B984-8498713DD682}.Release|Win32.Build.0 = Release|Win32
		{06FDB5A4-BE09-4D56-89B1-05A4843CB09B}.Debug|Win32.ActiveCfg = Debug|Win32
		{06FDB5A4-BE09-4D56-89B1-05A4843CB09B}.Debug|Win32.Build.0 = Debug|Win32
		{06FDB5A4-BE09-4D56-89B1-05A4843CB09B}.Release|Win32.ActiveCfg = Release|Win32
		{06FDB5A4-BE09-4D56-89B1-05A4843CB09B}.Release|Win32.Build.0 = Release|Win32
		{85419039-B784-412A-8872-7AF4D76C08E4}.Debug|Win32.ActiveCfg = Debug|Win32
		{85419039-B784-412A-8872-7AF4D76C08E4}.Debug|Win32.Build.0 = Debug|Win32
		{85419039-B784-412A-8872-7AF4D76C08E4}.Release|Win32.ActiveCfg = Release|Win32
		{85419039-B784-412A-8872-7AF4D76C08E4}.Release|Win32.Build.0 = Release|Win32
	EndGlobalSection
	GlobalSection(SolutionProperties) = preSolution
		HideSolutionNode = FALSE
	EndGlobalSection
EndGlobal
